
Microsoft Visual Studio Solution File, Format Version 12.00
# Visual Studio Version 16
VisualStudioVersion = 16.0.30002.166
MinimumVisualStudioVersion = 10.0.40219.1
Project("{FAE04EC0-301F-11D3-BF4B-00C04F79EFBC}") = "AspNet-TP01-Module02", "AspNet-TP01-Module02\AspNet-TP01-Module02.csproj", "{6CB38AF5-A834-4EC7-A5C5-B759D318546E}"
EndProject
Project("{FAE04EC0-301F-11D3-BF4B-00C04F79EFBC}") = "AspNet_TP01_Module03", "AspNet-TP01-Module03\AspNet_TP01_Module03.csproj", "{621BF9A2-EB9B-4524-BBFC-3BEF890AD2A8}"
EndProject
Project("{FAE04EC0-301F-11D3-BF4B-00C04F79EFBC}") = "exemple", "exemple\exemple.csproj", "{2EF58A88-4DEF-4831-961A-6979C5852C71}"
EndProject
Project("{FAE04EC0-301F-11D3-BF4B-00C04F79EFBC}") = "AspNet-TP01-Module05", "AspNet-TP01-Module05\AspNet-TP01-Module05.csproj", "{9DEAE8B4-D325-4C1D-BD1B-D521BDB0C57F}"
EndProject
Project("{FAE04EC0-301F-11D3-BF4B-00C04F79EFBC}") = "AspNet-TP02-Module05", "AspNet-TP02-Module05\AspNet-TP02-Module05.csproj", "{0C3F7EBE-48A6-43C2-9AAB-49FE66B23E72}"
EndProject
Project("{FAE04EC0-301F-11D3-BF4B-00C04F79EFBC}") = "AspNet-TP-Module05-BO", "AspNet-TP-Module05-BO\AspNet-TP-Module05-BO.csproj", "{6066EAAA-6025-49BC-A1F3-FC6447C42CD9}"
EndProject
Project("{FAE04EC0-301F-11D3-BF4B-00C04F79EFBC}") = "TP01_Module06", "TP01_Module06\TP01_Module06.csproj", "{A8D93A9B-2F19-44F3-8739-6CCC3C81EBE6}"
EndProject
Project("{FAE04EC0-301F-11D3-BF4B-00C04F79EFBC}") = "BO-Samourai", "BO-Samourai\BO-Samourai.csproj", "{954BFCCD-9C0D-4FE1-9E45-ED6AA23231E2}"
EndProject
Global
	GlobalSection(SolutionConfigurationPlatforms) = preSolution
		Debug|Any CPU = Debug|Any CPU
		Release|Any CPU = Release|Any CPU
	EndGlobalSection
	GlobalSection(ProjectConfigurationPlatforms) = postSolution
		{6CB38AF5-A834-4EC7-A5C5-B759D318546E}.Debug|Any CPU.ActiveCfg = Debug|Any CPU
		{6CB38AF5-A834-4EC7-A5C5-B759D318546E}.Debug|Any CPU.Build.0 = Debug|Any CPU
		{6CB38AF5-A834-4EC7-A5C5-B759D318546E}.Release|Any CPU.ActiveCfg = Release|Any CPU
		{6CB38AF5-A834-4EC7-A5C5-B759D318546E}.Release|Any CPU.Build.0 = Release|Any CPU
		{621BF9A2-EB9B-4524-BBFC-3BEF890AD2A8}.Debug|Any CPU.ActiveCfg = Debug|Any CPU
		{621BF9A2-EB9B-4524-BBFC-3BEF890AD2A8}.Debug|Any CPU.Build.0 = Debug|Any CPU
		{621BF9A2-EB9B-4524-BBFC-3BEF890AD2A8}.Release|Any CPU.ActiveCfg = Release|Any CPU
		{621BF9A2-EB9B-4524-BBFC-3BEF890AD2A8}.Release|Any CPU.Build.0 = Release|Any CPU
		{2EF58A88-4DEF-4831-961A-6979C5852C71}.Debug|Any CPU.ActiveCfg = Debug|Any CPU
		{2EF58A88-4DEF-4831-961A-6979C5852C71}.Debug|Any CPU.Build.0 = Debug|Any CPU
		{2EF58A88-4DEF-4831-961A-6979C5852C71}.Release|Any CPU.ActiveCfg = Release|Any CPU
		{2EF58A88-4DEF-4831-961A-6979C5852C71}.Release|Any CPU.Build.0 = Release|Any CPU
		{9DEAE8B4-D325-4C1D-BD1B-D521BDB0C57F}.Debug|Any CPU.ActiveCfg = Debug|Any CPU
		{9DEAE8B4-D325-4C1D-BD1B-D521BDB0C57F}.Debug|Any CPU.Build.0 = Debug|Any CPU
		{9DEAE8B4-D325-4C1D-BD1B-D521BDB0C57F}.Release|Any CPU.ActiveCfg = Release|Any CPU
		{9DEAE8B4-D325-4C1D-BD1B-D521BDB0C57F}.Release|Any CPU.Build.0 = Release|Any CPU
		{0C3F7EBE-48A6-43C2-9AAB-49FE66B23E72}.Debug|Any CPU.ActiveCfg = Debug|Any CPU
		{0C3F7EBE-48A6-43C2-9AAB-49FE66B23E72}.Debug|Any CPU.Build.0 = Debug|Any CPU
		{0C3F7EBE-48A6-43C2-9AAB-49FE66B23E72}.Release|Any CPU.ActiveCfg = Release|Any CPU
		{0C3F7EBE-48A6-43C2-9AAB-49FE66B23E72}.Release|Any CPU.Build.0 = Release|Any CPU
		{6066EAAA-6025-49BC-A1F3-FC6447C42CD9}.Debug|Any CPU.ActiveCfg = Debug|Any CPU
		{6066EAAA-6025-49BC-A1F3-FC6447C42CD9}.Debug|Any CPU.Build.0 = Debug|Any CPU
		{6066EAAA-6025-49BC-A1F3-FC6447C42CD9}.Release|Any CPU.ActiveCfg = Release|Any CPU
		{6066EAAA-6025-49BC-A1F3-FC6447C42CD9}.Release|Any CPU.Build.0 = Release|Any CPU
		{A8D93A9B-2F19-44F3-8739-6CCC3C81EBE6}.Debug|Any CPU.ActiveCfg = Debug|Any CPU
		{A8D93A9B-2F19-44F3-8739-6CCC3C81EBE6}.Debug|Any CPU.Build.0 = Debug|Any CPU
		{A8D93A9B-2F19-44F3-8739-6CCC3C81EBE6}.Release|Any CPU.ActiveCfg = Release|Any CPU
		{A8D93A9B-2F19-44F3-8739-6CCC3C81EBE6}.Release|Any CPU.Build.0 = Release|Any CPU
		{954BFCCD-9C0D-4FE1-9E45-ED6AA23231E2}.Debug|Any CPU.ActiveCfg = Debug|Any CPU
		{954BFCCD-9C0D-4FE1-9E45-ED6AA23231E2}.Debug|Any CPU.Build.0 = Debug|Any CPU
		{954BFCCD-9C0D-4FE1-9E45-ED6AA23231E2}.Release|Any CPU.ActiveCfg = Release|Any CPU
		{954BFCCD-9C0D-4FE1-9E45-ED6AA23231E2}.Release|Any CPU.Build.0 = Release|Any CPU
	EndGlobalSection
	GlobalSection(SolutionProperties) = preSolution
		HideSolutionNode = FALSE
	EndGlobalSection
	GlobalSection(ExtensibilityGlobals) = postSolution
		SolutionGuid = {C3D6A61F-E772-4BF9-B6C8-547A2E21067B}
	EndGlobalSection
EndGlobal
